# THIS IS AN AUTOGENERATED FILE. DO NOT EDIT THIS FILE DIRECTLY.
# yarn lockfile v1


"@cspotcode/source-map-support@^0.8.0":
  version "0.8.1"
  resolved "https://registry.yarnpkg.com/@cspotcode/source-map-support/-/source-map-support-0.8.1.tgz#00629c35a688e05a88b1cda684fb9d5e73f000a1"
  integrity sha512-IchNf6dN4tHoMFIn/7OE8LWZ19Y6q/67Bmf6vnGREv8RSbBVb9LPJxEcnwrcwX6ixSvaiGoomAUvu4YSxXrVgw==
  dependencies:
    "@jridgewell/trace-mapping" "0.3.9"

"@esbuild/android-arm64@0.17.17":
  version "0.17.17"
  resolved "https://registry.yarnpkg.com/@esbuild/android-arm64/-/android-arm64-0.17.17.tgz#164b054d58551f8856285f386e1a8f45d9ba3a31"
  integrity sha512-jaJ5IlmaDLFPNttv0ofcwy/cfeY4bh/n705Tgh+eLObbGtQBK3EPAu+CzL95JVE4nFAliyrnEu0d32Q5foavqg==

"@esbuild/android-arm@0.17.17":
  version "0.17.17"
  resolved "https://registry.yarnpkg.com/@esbuild/android-arm/-/android-arm-0.17.17.tgz#1b3b5a702a69b88deef342a7a80df4c894e4f065"
  integrity sha512-E6VAZwN7diCa3labs0GYvhEPL2M94WLF8A+czO8hfjREXxba8Ng7nM5VxV+9ihNXIY1iQO1XxUU4P7hbqbICxg==

"@esbuild/android-x64@0.17.17":
  version "0.17.17"
  resolved "https://registry.yarnpkg.com/@esbuild/android-x64/-/android-x64-0.17.17.tgz#6781527e3c4ea4de532b149d18a2167f06783e7f"
  integrity sha512-446zpfJ3nioMC7ASvJB1pszHVskkw4u/9Eu8s5yvvsSDTzYh4p4ZIRj0DznSl3FBF0Z/mZfrKXTtt0QCoFmoHA==

"@esbuild/darwin-arm64@0.17.17":
  version "0.17.17"
  resolved "https://registry.yarnpkg.com/@esbuild/darwin-arm64/-/darwin-arm64-0.17.17.tgz#c5961ef4d3c1cc80dafe905cc145b5a71d2ac196"
  integrity sha512-m/gwyiBwH3jqfUabtq3GH31otL/0sE0l34XKpSIqR7NjQ/XHQ3lpmQHLHbG8AHTGCw8Ao059GvV08MS0bhFIJQ==

"@esbuild/darwin-x64@0.17.17":
  version "0.17.17"
  resolved "https://registry.yarnpkg.com/@esbuild/darwin-x64/-/darwin-x64-0.17.17.tgz#b81f3259cc349691f67ae30f7b333a53899b3c20"
  integrity sha512-4utIrsX9IykrqYaXR8ob9Ha2hAY2qLc6ohJ8c0CN1DR8yWeMrTgYFjgdeQ9LIoTOfLetXjuCu5TRPHT9yKYJVg==

"@esbuild/freebsd-arm64@0.17.17":
  version "0.17.17"
  resolved "https://registry.yarnpkg.com/@esbuild/freebsd-arm64/-/freebsd-arm64-0.17.17.tgz#db846ad16cf916fd3acdda79b85ea867cb100e87"
  integrity sha512-4PxjQII/9ppOrpEwzQ1b0pXCsFLqy77i0GaHodrmzH9zq2/NEhHMAMJkJ635Ns4fyJPFOlHMz4AsklIyRqFZWA==

"@esbuild/freebsd-x64@0.17.17":
  version "0.17.17"
  resolved "https://registry.yarnpkg.com/@esbuild/freebsd-x64/-/freebsd-x64-0.17.17.tgz#4dd99acbaaba00949d509e7c144b1b6ef9e1815b"
  integrity sha512-lQRS+4sW5S3P1sv0z2Ym807qMDfkmdhUYX30GRBURtLTrJOPDpoU0kI6pVz1hz3U0+YQ0tXGS9YWveQjUewAJw==

"@esbuild/linux-arm64@0.17.17":
  version "0.17.17"
  resolved "https://registry.yarnpkg.com/@esbuild/linux-arm64/-/linux-arm64-0.17.17.tgz#7f9274140b2bb9f4230dbbfdf5dc2761215e30f6"
  integrity sha512-2+pwLx0whKY1/Vqt8lyzStyda1v0qjJ5INWIe+d8+1onqQxHLLi3yr5bAa4gvbzhZqBztifYEu8hh1La5+7sUw==

"@esbuild/linux-arm@0.17.17":
  version "0.17.17"
  resolved "https://registry.yarnpkg.com/@esbuild/linux-arm/-/linux-arm-0.17.17.tgz#5c8e44c2af056bb2147cf9ad13840220bcb8948b"
  integrity sha512-biDs7bjGdOdcmIk6xU426VgdRUpGg39Yz6sT9Xp23aq+IEHDb/u5cbmu/pAANpDB4rZpY/2USPhCA+w9t3roQg==

"@esbuild/linux-ia32@0.17.17":
  version "0.17.17"
  resolved "https://registry.yarnpkg.com/@esbuild/linux-ia32/-/linux-ia32-0.17.17.tgz#18a6b3798658be7f46e9873fa0c8d4bec54c9212"
  integrity sha512-IBTTv8X60dYo6P2t23sSUYym8fGfMAiuv7PzJ+0LcdAndZRzvke+wTVxJeCq4WgjppkOpndL04gMZIFvwoU34Q==

"@esbuild/linux-loong64@0.17.17":
  version "0.17.17"
  resolved "https://registry.yarnpkg.com/@esbuild/linux-loong64/-/linux-loong64-0.17.17.tgz#a8d93514a47f7b4232716c9f02aeb630bae24c40"
  integrity sha512-WVMBtcDpATjaGfWfp6u9dANIqmU9r37SY8wgAivuKmgKHE+bWSuv0qXEFt/p3qXQYxJIGXQQv6hHcm7iWhWjiw==

"@esbuild/linux-mips64el@0.17.17":
  version "0.17.17"
  resolved "https://registry.yarnpkg.com/@esbuild/linux-mips64el/-/linux-mips64el-0.17.17.tgz#4784efb1c3f0eac8133695fa89253d558149ee1b"
  integrity sha512-2kYCGh8589ZYnY031FgMLy0kmE4VoGdvfJkxLdxP4HJvWNXpyLhjOvxVsYjYZ6awqY4bgLR9tpdYyStgZZhi2A==

"@esbuild/linux-ppc64@0.17.17":
  version "0.17.17"
  resolved "https://registry.yarnpkg.com/@esbuild/linux-ppc64/-/linux-ppc64-0.17.17.tgz#ef6558ec5e5dd9dc16886343e0ccdb0699d70d3c"
  integrity sha512-KIdG5jdAEeAKogfyMTcszRxy3OPbZhq0PPsW4iKKcdlbk3YE4miKznxV2YOSmiK/hfOZ+lqHri3v8eecT2ATwQ==

"@esbuild/linux-riscv64@0.17.17":
  version "0.17.17"
  resolved "https://registry.yarnpkg.com/@esbuild/linux-riscv64/-/linux-riscv64-0.17.17.tgz#13a87fdbcb462c46809c9d16bcf79817ecf9ce6f"
  integrity sha512-Cj6uWLBR5LWhcD/2Lkfg2NrkVsNb2sFM5aVEfumKB2vYetkA/9Uyc1jVoxLZ0a38sUhFk4JOVKH0aVdPbjZQeA==

"@esbuild/linux-s390x@0.17.17":
  version "0.17.17"
  resolved "https://registry.yarnpkg.com/@esbuild/linux-s390x/-/linux-s390x-0.17.17.tgz#83cb16d1d3ac0dca803b3f031ba3dc13f1ec7ade"
  integrity sha512-lK+SffWIr0XsFf7E0srBjhpkdFVJf3HEgXCwzkm69kNbRar8MhezFpkIwpk0qo2IOQL4JE4mJPJI8AbRPLbuOQ==

"@esbuild/linux-x64@0.17.17":
  version "0.17.17"
  resolved "https://registry.yarnpkg.com/@esbuild/linux-x64/-/linux-x64-0.17.17.tgz#7bc400568690b688e20a0c94b2faabdd89ae1a79"
  integrity sha512-XcSGTQcWFQS2jx3lZtQi7cQmDYLrpLRyz1Ns1DzZCtn898cWfm5Icx/DEWNcTU+T+tyPV89RQtDnI7qL2PObPg==

"@esbuild/netbsd-x64@0.17.17":
  version "0.17.17"
  resolved "https://registry.yarnpkg.com/@esbuild/netbsd-x64/-/netbsd-x64-0.17.17.tgz#1b5dcfbc4bfba80e67a11e9148de836af5b58b6c"
  integrity sha512-RNLCDmLP5kCWAJR+ItLM3cHxzXRTe4N00TQyQiimq+lyqVqZWGPAvcyfUBM0isE79eEZhIuGN09rAz8EL5KdLA==

"@esbuild/openbsd-x64@0.17.17":
  version "0.17.17"
  resolved "https://registry.yarnpkg.com/@esbuild/openbsd-x64/-/openbsd-x64-0.17.17.tgz#e275098902291149a5dcd012c9ea0796d6b7adff"
  integrity sha512-PAXswI5+cQq3Pann7FNdcpSUrhrql3wKjj3gVkmuz6OHhqqYxKvi6GgRBoaHjaG22HV/ZZEgF9TlS+9ftHVigA==

"@esbuild/sunos-x64@0.17.17":
  version "0.17.17"
  resolved "https://registry.yarnpkg.com/@esbuild/sunos-x64/-/sunos-x64-0.17.17.tgz#10603474866f64986c0370a2d4fe5a2bb7fee4f5"
  integrity sha512-V63egsWKnx/4V0FMYkr9NXWrKTB5qFftKGKuZKFIrAkO/7EWLFnbBZNM1CvJ6Sis+XBdPws2YQSHF1Gqf1oj/Q==

"@esbuild/win32-arm64@0.17.17":
  version "0.17.17"
  resolved "https://registry.yarnpkg.com/@esbuild/win32-arm64/-/win32-arm64-0.17.17.tgz#521a6d97ee0f96b7c435930353cc4e93078f0b54"
  integrity sha512-YtUXLdVnd6YBSYlZODjWzH+KzbaubV0YVd6UxSfoFfa5PtNJNaW+1i+Hcmjpg2nEe0YXUCNF5bkKy1NnBv1y7Q==

"@esbuild/win32-ia32@0.17.17":
  version "0.17.17"
  resolved "https://registry.yarnpkg.com/@esbuild/win32-ia32/-/win32-ia32-0.17.17.tgz#56f88462ebe82dad829dc2303175c0e0ccd8e38e"
  integrity sha512-yczSLRbDdReCO74Yfc5tKG0izzm+lPMYyO1fFTcn0QNwnKmc3K+HdxZWLGKg4pZVte7XVgcFku7TIZNbWEJdeQ==

"@esbuild/win32-x64@0.17.17":
  version "0.17.17"
  resolved "https://registry.yarnpkg.com/@esbuild/win32-x64/-/win32-x64-0.17.17.tgz#2b577b976e6844106715bbe0cdc57cd1528063f9"
  integrity sha512-FNZw7H3aqhF9OyRQbDDnzUApDXfC1N6fgBhkqEO2jvYCJ+DxMTfZVqg3AX0R1khg1wHTBRD5SdcibSJ+XF6bFg==

"@jridgewell/resolve-uri@^3.0.3":
  version "3.1.1"
  resolved "https://registry.yarnpkg.com/@jridgewell/resolve-uri/-/resolve-uri-3.1.1.tgz#c08679063f279615a3326583ba3a90d1d82cc721"
  integrity sha512-dSYZh7HhCDtCKm4QakX0xFpsRDqjjtZf/kjI/v3T3Nwt5r8/qz/M19F9ySyOqU94SXBmeG9ttTul+YnR4LOxFA==

"@jridgewell/sourcemap-codec@^1.4.10":
  version "1.4.15"
  resolved "https://registry.yarnpkg.com/@jridgewell/sourcemap-codec/-/sourcemap-codec-1.4.15.tgz#d7c6e6755c78567a951e04ab52ef0fd26de59f32"
  integrity sha512-eF2rxCRulEKXHTRiDrDy6erMYWqNw4LPdQ8UQA4huuxaQsVeRPFl2oM8oDGxMFhJUWZf9McpLtJasDDZb/Bpeg==

"@jridgewell/trace-mapping@0.3.9":
  version "0.3.9"
  resolved "https://registry.yarnpkg.com/@jridgewell/trace-mapping/-/trace-mapping-0.3.9.tgz#6534fd5933a53ba7cbf3a17615e273a0d1273ff9"
  integrity sha512-3Belt6tdc8bPgAtbcmdtNJlirVoTmEb5e2gC94PnkwEW9jI6CAHUeoG85tjWP5WquqfavoMtMwiG4P926ZKKuQ==
  dependencies:
    "@jridgewell/resolve-uri" "^3.0.3"
    "@jridgewell/sourcemap-codec" "^1.4.10"

"@sindresorhus/is@^5.2.0":
  version "5.3.0"
  resolved "https://registry.yarnpkg.com/@sindresorhus/is/-/is-5.3.0.tgz#0ec9264cf54a527671d990eb874e030b55b70dcc"
  integrity sha512-CX6t4SYQ37lzxicAqsBtxA3OseeoVrh9cSJ5PFYam0GksYlupRfy1A+Q4aYD3zvcfECLc0zO2u+ZnR2UYKvCrw==

"@szmarczak/http-timer@^5.0.1":
  version "5.0.1"
  resolved "https://registry.yarnpkg.com/@szmarczak/http-timer/-/http-timer-5.0.1.tgz#c7c1bf1141cdd4751b0399c8fc7b8b664cd5be3a"
  integrity sha512-+PmQX0PiAYPMeVYe237LJAYvOMYW1j2rH5YROyS3b4CTVJum34HfRvKvAzozHAQG0TnHNdUfY9nCeUyRAs//cw==
  dependencies:
    defer-to-connect "^2.0.1"

"@tsconfig/node10@^1.0.7":
  version "1.0.9"
  resolved "https://registry.yarnpkg.com/@tsconfig/node10/-/node10-1.0.9.tgz#df4907fc07a886922637b15e02d4cebc4c0021b2"
  integrity sha512-jNsYVVxU8v5g43Erja32laIDHXeoNvFEpX33OK4d6hljo3jDhCBDhx5dhCCTMWUojscpAagGiRkBKxpdl9fxqA==

"@tsconfig/node12@^1.0.7":
  version "1.0.11"
  resolved "https://registry.yarnpkg.com/@tsconfig/node12/-/node12-1.0.11.tgz#ee3def1f27d9ed66dac6e46a295cffb0152e058d"
  integrity sha512-cqefuRsh12pWyGsIoBKJA9luFu3mRxCA+ORZvA4ktLSzIuCUtWVxGIuXigEwO5/ywWFMZ2QEGKWvkZG1zDMTag==

"@tsconfig/node14@^1.0.0":
  version "1.0.3"
  resolved "https://registry.yarnpkg.com/@tsconfig/node14/-/node14-1.0.3.tgz#e4386316284f00b98435bf40f72f75a09dabf6c1"
  integrity sha512-ysT8mhdixWK6Hw3i1V2AeRqZ5WfXg1G43mqoYlM2nc6388Fq5jcXyr5mRsqViLx/GJYdoL0bfXD8nmF+Zn/Iow==

"@tsconfig/node16@^1.0.2":
  version "1.0.3"
  resolved "https://registry.yarnpkg.com/@tsconfig/node16/-/node16-1.0.3.tgz#472eaab5f15c1ffdd7f8628bd4c4f753995ec79e"
  integrity sha512-yOlFc+7UtL/89t2ZhjPvvB/DeAr3r+Dq58IgzsFkOAvVC6NMJXmCGjbptdXdR9qsX7pKcTL+s87FtYREi2dEEQ==

"@types/http-cache-semantics@^4.0.1":
  version "4.0.1"
  resolved "https://registry.yarnpkg.com/@types/http-cache-semantics/-/http-cache-semantics-4.0.1.tgz#0ea7b61496902b95890dc4c3a116b60cb8dae812"
  integrity sha512-SZs7ekbP8CN0txVG2xVRH6EgKmEm31BOxA07vkFaETzZz1xh+cbt8BcI0slpymvwhx5dlFnQG2rTlPVQn+iRPQ==

"@types/node@^18.15.11":
  version "18.15.11"
  resolved "https://registry.yarnpkg.com/@types/node/-/node-18.15.11.tgz#b3b790f09cb1696cffcec605de025b088fa4225f"
  integrity sha512-E5Kwq2n4SbMzQOn6wnmBjuK9ouqlURrcZDVfbo9ftDDTFt3nk7ZKK4GMOzoYgnpQJKcxwQw+lGaBvvlMo0qN/Q==

acorn-walk@^8.1.1:
  version "8.2.0"
  resolved "https://registry.yarnpkg.com/acorn-walk/-/acorn-walk-8.2.0.tgz#741210f2e2426454508853a2f44d0ab83b7f69c1"
  integrity sha512-k+iyHEuPgSw6SbuDpGQM+06HQUa04DZ3o+F6CSzXMvvI5KMvnaEqXe+YVe555R9nn6GPt404fos4wcgpw12SDA==

acorn@^8.4.1:
  version "8.8.2"
  resolved "https://registry.yarnpkg.com/acorn/-/acorn-8.8.2.tgz#1b2f25db02af965399b9776b0c2c391276d37c4a"
  integrity sha512-xjIYgE8HBrkpd/sJqOGNspf8uHG+NOHGOw6a/Urj8taM2EXfdNAH2oFcPeIFfsv3+kz/mJrS5VuMqbNLjCa2vw==

ansi-styles@^4.1.0:
  version "4.3.0"
  resolved "https://registry.yarnpkg.com/ansi-styles/-/ansi-styles-4.3.0.tgz#edd803628ae71c04c85ae7a0906edad34b648937"
  integrity sha512-zbB9rCJAT1rbjiVDb2hqKFHNYLxgtk8NURxZ3IZwD3F6NtxbXZQCnnSi1Lkx+IDohdPlFp222wVALIheZJQSEg==
  dependencies:
    color-convert "^2.0.1"

arg@^4.1.0:
  version "4.1.3"
  resolved "https://registry.yarnpkg.com/arg/-/arg-4.1.3.tgz#269fc7ad5b8e42cb63c896d5666017261c144089"
  integrity sha512-58S9QDqG0Xx27YwPSt9fJxivjYl432YCwfDMfZ+71RAqUrZef7LrKQZ3LHLOwCS4FLNBplP533Zx895SeOCHvA==

async@^2.6.4:
  version "2.6.4"
  resolved "https://registry.yarnpkg.com/async/-/async-2.6.4.tgz#706b7ff6084664cd7eae713f6f965433b5504221"
  integrity sha512-mzo5dfJYwAn29PeiJ0zvwTo04zj8HDJj0Mn8TD7sno7q12prdbnasKJHhkm2c1LgrhlJ0teaea8860oxi51mGA==
  dependencies:
    lodash "^4.17.14"

basic-auth@^2.0.1:
  version "2.0.1"
  resolved "https://registry.yarnpkg.com/basic-auth/-/basic-auth-2.0.1.tgz#b998279bf47ce38344b4f3cf916d4679bbf51e3a"
  integrity sha512-NF+epuEdnUYVlGuhaxbbq+dvJttwLnGY+YixlXlME5KpQ5W3CnXA5cVTneY3SPbPDRkcjMbifrwmFYcClgOZeg==
  dependencies:
    safe-buffer "5.1.2"

beamcoder@^0.7.1:
  version "0.7.1"
  resolved "https://registry.yarnpkg.com/beamcoder/-/beamcoder-0.7.1.tgz#91068ccec9e2c9311e3dc355f21636bfda9bcb86"
  integrity sha512-20gpjy6V+9+X3v1H5wfofzc+MbVCPXv3JE4cm9y5R28pW2LRz2LSlJptiUxZJI8ips4xBoq7oYh+1LE5HvZskQ==
  dependencies:
    bindings "^1.5.0"
    segfault-handler "^1.3.0"

bindings@^1.2.1, bindings@^1.5.0:
  version "1.5.0"
  resolved "https://registry.yarnpkg.com/bindings/-/bindings-1.5.0.tgz#10353c9e945334bc0511a6d90b38fbc7c9c504df"
  integrity sha512-p2q/t/mhvuOj/UeLlV6566GD/guowlr0hHxClI0W9m7MWYkL1F0hLo+0Aexs9HSPCtR1SXQ0TD3MMKrXZajbiQ==
  dependencies:
    file-uri-to-path "1.0.0"

cacheable-lookup@^7.0.0:
  version "7.0.0"
  resolved "https://registry.yarnpkg.com/cacheable-lookup/-/cacheable-lookup-7.0.0.tgz#3476a8215d046e5a3202a9209dd13fec1f933a27"
  integrity sha512-+qJyx4xiKra8mZrcwhjMRMUhD5NR1R8esPkzIYxX96JiecFoxAXFuz/GpR3+ev4PE1WamHip78wV0vcmPQtp8w==

cacheable-request@^10.2.8:
  version "10.2.9"
  resolved "https://registry.yarnpkg.com/cacheable-request/-/cacheable-request-10.2.9.tgz#6375833d2b99921d8870df9fdc26cb703c56f356"
  integrity sha512-CaAMr53AS1Tb9evO1BIWFnZjSr8A4pbXofpsNVWPMDZZj3ZQKHwsQG9BrTqQ4x5ZYJXz1T2b8LLtTZODxSpzbg==
  dependencies:
    "@types/http-cache-semantics" "^4.0.1"
    get-stream "^6.0.1"
    http-cache-semantics "^4.1.1"
    keyv "^4.5.2"
    mimic-response "^4.0.0"
    normalize-url "^8.0.0"
    responselike "^3.0.0"

call-bind@^1.0.0:
  version "1.0.2"
  resolved "https://registry.yarnpkg.com/call-bind/-/call-bind-1.0.2.tgz#b1d4e89e688119c3c9a903ad30abb2f6a919be3c"
  integrity sha512-7O+FbCihrB5WGbFYesctwmTKae6rOiIzmz1icreWJ+0aA7LJfuqhEso2T9ncpcFtzMQtzXf2QGGueWJGTYsqrA==
  dependencies:
    function-bind "^1.1.1"
    get-intrinsic "^1.0.2"

chalk@^4.1.2:
  version "4.1.2"
  resolved "https://registry.yarnpkg.com/chalk/-/chalk-4.1.2.tgz#aac4e2b7734a740867aeb16bf02aad556a1e7a01"
  integrity sha512-oKnbhFyRIXpUuez8iBMmyEa4nbj4IOQyuhc/wy9kY7/WVPcwIO9VA668Pu8RkO7+0G76SLROeyw9CpQ061i4mA==
  dependencies:
    ansi-styles "^4.1.0"
    supports-color "^7.1.0"

color-convert@^2.0.1:
  version "2.0.1"
  resolved "https://registry.yarnpkg.com/color-convert/-/color-convert-2.0.1.tgz#72d3a68d598c9bdb3af2ad1e84f21d896abd4de3"
  integrity sha512-RRECPsj7iu/xb5oKYcsFHSppFNnsj/52OVTRKb4zP5onXwVF3zVmmToNcOfGC+CRDpfK/U584fMg38ZHCaElKQ==
  dependencies:
    color-name "~1.1.4"

color-name@~1.1.4:
  version "1.1.4"
  resolved "https://registry.yarnpkg.com/color-name/-/color-name-1.1.4.tgz#c2a09a87acbde69543de6f63fa3995c826c536a2"
  integrity sha512-dOy+3AuW3a2wNbZHIuMZpTcgjGuLU/uBL/ubcZF9OXbDo8ff4O8yVp5Bf0efS8uEoYo5q4Fx7dY9OgQGXgAsQA==

corser@^2.0.1:
  version "2.0.1"
  resolved "https://registry.yarnpkg.com/corser/-/corser-2.0.1.tgz#8eda252ecaab5840dcd975ceb90d9370c819ff87"
  integrity sha512-utCYNzRSQIZNPIcGZdQc92UVJYAhtGAteCFg0yRaFm8f0P+CPtyGyHXJcGXnffjCybUCEx3FQ2G7U3/o9eIkVQ==

create-require@^1.1.0:
  version "1.1.1"
  resolved "https://registry.yarnpkg.com/create-require/-/create-require-1.1.1.tgz#c1d7e8f1e5f6cfc9ff65f9cd352d37348756c333"
  integrity sha512-dcKFX3jn0MpIaXjisoRvexIJVEKzaq7z2rZKxf+MSr9TkdmHmsU4m2lcLojrj/FHl8mk5VxMmYA+ftRkP/3oKQ==

debug@^3.2.7:
  version "3.2.7"
  resolved "https://registry.yarnpkg.com/debug/-/debug-3.2.7.tgz#72580b7e9145fb39b6676f9c5e5fb100b934179a"
  integrity sha512-CFjzYYAi4ThfiQvizrFQevTTXHtnCqWfe7x1AhgEscTz6ZbLbfoLRLPugTQyBth6f8ZERVUSyWHFD/7Wu4t1XQ==
  dependencies:
    ms "^2.1.1"

decompress-response@^6.0.0:
  version "6.0.0"
  resolved "https://registry.yarnpkg.com/decompress-response/-/decompress-response-6.0.0.tgz#ca387612ddb7e104bd16d85aab00d5ecf09c66fc"
  integrity sha512-aW35yZM6Bb/4oJlZncMH2LCoZtJXTRxES17vE3hoRiowU2kWHaJKFkSBDnDR+cm9J+9QhXmREyIfv0pji9ejCQ==
  dependencies:
    mimic-response "^3.1.0"

defer-to-connect@^2.0.1:
  version "2.0.1"
  resolved "https://registry.yarnpkg.com/defer-to-connect/-/defer-to-connect-2.0.1.tgz#8016bdb4143e4632b77a3449c6236277de520587"
  integrity sha512-4tvttepXG1VaYGrRibk5EwJd1t4udunSOVMdLSAL6mId1ix438oPwPZMALY41FCijukO1L0twNcGsdzS7dHgDg==

diff@^4.0.1:
  version "4.0.2"
  resolved "https://registry.yarnpkg.com/diff/-/diff-4.0.2.tgz#60f3aecb89d5fae520c11aa19efc2bb982aade7d"
  integrity sha512-58lmxKSA4BNyLz+HHMUzlOEpg09FV+ev6ZMe3vJihgdxzgcwZ8VoEEPmALCZG9LmqfVoNMMKpttIYTVG6uDY7A==

esbuild@^0.17.5:
  version "0.17.17"
  resolved "https://registry.yarnpkg.com/esbuild/-/esbuild-0.17.17.tgz#fa906ab11b11d2ed4700f494f4f764229b25c916"
  integrity sha512-/jUywtAymR8jR4qsa2RujlAF7Krpt5VWi72Q2yuLD4e/hvtNcFQ0I1j8m/bxq238pf3/0KO5yuXNpuLx8BE1KA==
  optionalDependencies:
    "@esbuild/android-arm" "0.17.17"
    "@esbuild/android-arm64" "0.17.17"
    "@esbuild/android-x64" "0.17.17"
    "@esbuild/darwin-arm64" "0.17.17"
    "@esbuild/darwin-x64" "0.17.17"
    "@esbuild/freebsd-arm64" "0.17.17"
    "@esbuild/freebsd-x64" "0.17.17"
    "@esbuild/linux-arm" "0.17.17"
    "@esbuild/linux-arm64" "0.17.17"
    "@esbuild/linux-ia32" "0.17.17"
    "@esbuild/linux-loong64" "0.17.17"
    "@esbuild/linux-mips64el" "0.17.17"
    "@esbuild/linux-ppc64" "0.17.17"
    "@esbuild/linux-riscv64" "0.17.17"
    "@esbuild/linux-s390x" "0.17.17"
    "@esbuild/linux-x64" "0.17.17"
    "@esbuild/netbsd-x64" "0.17.17"
    "@esbuild/openbsd-x64" "0.17.17"
    "@esbuild/sunos-x64" "0.17.17"
    "@esbuild/win32-arm64" "0.17.17"
    "@esbuild/win32-ia32" "0.17.17"
    "@esbuild/win32-x64" "0.17.17"

eventemitter3@^4.0.0:
  version "4.0.7"
  resolved "https://registry.yarnpkg.com/eventemitter3/-/eventemitter3-4.0.7.tgz#2de9b68f6528d5644ef5c59526a1b4a07306169f"
  integrity sha512-8guHBZCwKnFhYdHr2ysuRWErTwhoN2X8XELRlrRwpmfeY2jjuUN4taQMsULKUVo1K4DvZl+0pgfyoysHxvmvEw==

file-uri-to-path@1.0.0:
  version "1.0.0"
  resolved "https://registry.yarnpkg.com/file-uri-to-path/-/file-uri-to-path-1.0.0.tgz#553a7b8446ff6f684359c445f1e37a05dacc33dd"
  integrity sha512-0Zt+s3L7Vf1biwWZ29aARiVYLx7iMGnEUl9x33fbB/j3jR81u/O2LbqK+Bm1CDSNDKVtJ/YjwY7TUd5SkeLQLw==

follow-redirects@^1.0.0:
  version "1.15.2"
  resolved "https://registry.yarnpkg.com/follow-redirects/-/follow-redirects-1.15.2.tgz#b460864144ba63f2681096f274c4e57026da2c13"
  integrity sha512-VQLG33o04KaQ8uYi2tVNbdrWp1QWxNNea+nmIB4EVM28v0hmP17z7aG1+wAkNzVq4KeXTq3221ye5qTJP91JwA==

form-data-encoder@^2.1.2:
  version "2.1.4"
  resolved "https://registry.yarnpkg.com/form-data-encoder/-/form-data-encoder-2.1.4.tgz#261ea35d2a70d48d30ec7a9603130fa5515e9cd5"
  integrity sha512-yDYSgNMraqvnxiEXO4hi88+YZxaHC6QKzb5N84iRCTDeRO7ZALpir/lVmf/uXUhnwUr2O4HU8s/n6x+yNjQkHw==

"framefusion@git+ssh://git@github.com:Lumen5/framefusion.git":
  version "0.0.1"
  resolved "git+ssh://git@github.com:Lumen5/framefusion.git#9e2c49278050674f2860c9e9a4ad3c6ccb4ff9b4"
  dependencies:
    beamcoder "^0.7.1"
    got "^12.6.0"
    http-server "^14.1.1"
    tsconfig-paths "^4.1.2"

fsevents@~2.3.2:
  version "2.3.2"
  resolved "https://registry.yarnpkg.com/fsevents/-/fsevents-2.3.2.tgz#8a526f78b8fdf4623b709e0b975c52c24c02fd1a"
  integrity sha512-xiqMQR4xAeHTuB9uWm+fFRcIOgKBMiOBP+eXiyT7jsgVCq1bkVygt00oASowB7EdtpOHaaPgKt812P9ab+DDKA==

function-bind@^1.1.1:
  version "1.1.1"
  resolved "https://registry.yarnpkg.com/function-bind/-/function-bind-1.1.1.tgz#a56899d3ea3c9bab874bb9773b7c5ede92f4895d"
  integrity sha512-yIovAzMX49sF8Yl58fSCWJ5svSLuaibPxXQJFLmBObTuCr0Mf1KiPopGM9NiFjiYBCbfaa2Fh6breQ6ANVTI0A==

get-intrinsic@^1.0.2:
  version "1.2.0"
  resolved "https://registry.yarnpkg.com/get-intrinsic/-/get-intrinsic-1.2.0.tgz#7ad1dc0535f3a2904bba075772763e5051f6d05f"
  integrity sha512-L049y6nFOuom5wGyRc3/gdTLO94dySVKRACj1RmJZBQXlbTMhtNIgkWkUHq+jYmZvKf14EW1EoJnnjbmoHij0Q==
  dependencies:
    function-bind "^1.1.1"
    has "^1.0.3"
    has-symbols "^1.0.3"

get-stream@^6.0.1:
  version "6.0.1"
  resolved "https://registry.yarnpkg.com/get-stream/-/get-stream-6.0.1.tgz#a262d8eef67aced57c2852ad6167526a43cbf7b7"
  integrity sha512-ts6Wi+2j3jQjqi70w5AlN8DFnkSwC+MqmxEzdEALB2qXZYV3X/b1CTfgPLGJNMeAWxdPfU8FO1ms3NUfaHCPYg==

got@^12.6.0:
  version "12.6.0"
  resolved "https://registry.yarnpkg.com/got/-/got-12.6.0.tgz#8d382ee5de4432c086e83c133efdd474484f6ac7"
  integrity sha512-WTcaQ963xV97MN3x0/CbAriXFZcXCfgxVp91I+Ze6pawQOa7SgzwSx2zIJJsX+kTajMnVs0xcFD1TxZKFqhdnQ==
  dependencies:
    "@sindresorhus/is" "^5.2.0"
    "@szmarczak/http-timer" "^5.0.1"
    cacheable-lookup "^7.0.0"
    cacheable-request "^10.2.8"
    decompress-response "^6.0.0"
    form-data-encoder "^2.1.2"
    get-stream "^6.0.1"
    http2-wrapper "^2.1.10"
    lowercase-keys "^3.0.0"
    p-cancelable "^3.0.0"
    responselike "^3.0.0"

has-flag@^4.0.0:
  version "4.0.0"
  resolved "https://registry.yarnpkg.com/has-flag/-/has-flag-4.0.0.tgz#944771fd9c81c81265c4d6941860da06bb59479b"
  integrity sha512-EykJT/Q1KjTWctppgIAgfSO0tKVuZUjhgMr17kqTumMl6Afv3EISleU7qZUzoXDFTAHTDC4NOoG/ZxU3EvlMPQ==

has-symbols@^1.0.3:
  version "1.0.3"
  resolved "https://registry.yarnpkg.com/has-symbols/-/has-symbols-1.0.3.tgz#bb7b2c4349251dce87b125f7bdf874aa7c8b39f8"
  integrity sha512-l3LCuF6MgDNwTDKkdYGEihYjt5pRPbEg46rtlmnSPlUbgmB8LOIrKJbYYFBSbnPaJexMKtiPO8hmeRjRz2Td+A==

has@^1.0.3:
  version "1.0.3"
  resolved "https://registry.yarnpkg.com/has/-/has-1.0.3.tgz#722d7cbfc1f6aa8241f16dd814e011e1f41e8796"
  integrity sha512-f2dvO0VU6Oej7RkWJGrehjbzMAjFp5/VKPp5tTpWIV4JHHZK1/BxbFRtf/siA2SWTe09caDmVtYYzWEIbBS4zw==
  dependencies:
    function-bind "^1.1.1"

he@^1.2.0:
  version "1.2.0"
  resolved "https://registry.yarnpkg.com/he/-/he-1.2.0.tgz#84ae65fa7eafb165fddb61566ae14baf05664f0f"
  integrity sha512-F/1DnUGPopORZi0ni+CvrCgHQ5FyEAHRLSApuYWMmrbSwoN2Mn/7k+Gl38gJnR7yyDZk6WLXwiGod1JOWNDKGw==

html-encoding-sniffer@^3.0.0:
  version "3.0.0"
  resolved "https://registry.yarnpkg.com/html-encoding-sniffer/-/html-encoding-sniffer-3.0.0.tgz#2cb1a8cf0db52414776e5b2a7a04d5dd98158de9"
  integrity sha512-oWv4T4yJ52iKrufjnyZPkrN0CH3QnrUqdB6In1g5Fe1mia8GmF36gnfNySxoZtxD5+NmYw1EElVXiBk93UeskA==
  dependencies:
    whatwg-encoding "^2.0.0"

http-cache-semantics@^4.1.1:
  version "4.1.1"
  resolved "https://registry.yarnpkg.com/http-cache-semantics/-/http-cache-semantics-4.1.1.tgz#abe02fcb2985460bf0323be664436ec3476a6d5a"
  integrity sha512-er295DKPVsV82j5kw1Gjt+ADA/XYHsajl82cGNQG2eyoPkvgUhX+nDIyelzhIWbbsXP39EHcI6l5tYs2FYqYXQ==

http-proxy@^1.18.1:
  version "1.18.1"
  resolved "https://registry.yarnpkg.com/http-proxy/-/http-proxy-1.18.1.tgz#401541f0534884bbf95260334e72f88ee3976549"
  integrity sha512-7mz/721AbnJwIVbnaSv1Cz3Am0ZLT/UBwkC92VlxhXv/k/BBQfM2fXElQNC27BVGr0uwUpplYPQM9LnaBMR5NQ==
  dependencies:
    eventemitter3 "^4.0.0"
    follow-redirects "^1.0.0"
    requires-port "^1.0.0"

http-server@^14.1.1:
  version "14.1.1"
  resolved "https://registry.yarnpkg.com/http-server/-/http-server-14.1.1.tgz#d60fbb37d7c2fdff0f0fbff0d0ee6670bd285e2e"
  integrity sha512-+cbxadF40UXd9T01zUHgA+rlo2Bg1Srer4+B4NwIHdaGxAGGv59nYRnGGDJ9LBk7alpS0US+J+bLLdQOOkJq4A==
  dependencies:
    basic-auth "^2.0.1"
    chalk "^4.1.2"
    corser "^2.0.1"
    he "^1.2.0"
    html-encoding-sniffer "^3.0.0"
    http-proxy "^1.18.1"
    mime "^1.6.0"
    minimist "^1.2.6"
    opener "^1.5.1"
    portfinder "^1.0.28"
    secure-compare "3.0.1"
    union "~0.5.0"
    url-join "^4.0.1"

http2-wrapper@^2.1.10:
  version "2.2.0"
  resolved "https://registry.yarnpkg.com/http2-wrapper/-/http2-wrapper-2.2.0.tgz#b80ad199d216b7d3680195077bd7b9060fa9d7f3"
  integrity sha512-kZB0wxMo0sh1PehyjJUWRFEd99KC5TLjZ2cULC4f9iqJBAmKQQXEICjxl5iPJRwP40dpeHFqqhm7tYCvODpqpQ==
  dependencies:
    quick-lru "^5.1.1"
    resolve-alpn "^1.2.0"

iconv-lite@0.6.3:
  version "0.6.3"
  resolved "https://registry.yarnpkg.com/iconv-lite/-/iconv-lite-0.6.3.tgz#a52f80bf38da1952eb5c681790719871a1a72501"
  integrity sha512-4fCk79wshMdzMp2rH06qWrJE4iolqLhCUH+OiuIgU++RB0+94NlDL81atO7GX55uUKueo0txHNtvEyI6D7WdMw==
  dependencies:
    safer-buffer ">= 2.1.2 < 3.0.0"

is-core-module@^2.11.0:
  version "2.12.0"
  resolved "https://registry.yarnpkg.com/is-core-module/-/is-core-module-2.12.0.tgz#36ad62f6f73c8253fd6472517a12483cf03e7ec4"
  integrity sha512-RECHCBCd/viahWmwj6enj19sKbHfJrddi/6cBDsNTKbNq0f7VeaUkBo60BqzvPqo/W54ChS62Z5qyun7cfOMqQ==
  dependencies:
    has "^1.0.3"

json-buffer@3.0.1:
  version "3.0.1"
  resolved "https://registry.yarnpkg.com/json-buffer/-/json-buffer-3.0.1.tgz#9338802a30d3b6605fbe0613e094008ca8c05a13"
  integrity sha512-4bV5BfR2mqfQTJm+V5tPPdf+ZpuhiIvTuAB5g8kcrXOZpTT/QwwVRWBywX1ozr6lEuPdbHxwaJlm9G6mI2sfSQ==

json5@^2.2.2:
  version "2.2.3"
  resolved "https://registry.yarnpkg.com/json5/-/json5-2.2.3.tgz#78cd6f1a19bdc12b73db5ad0c61efd66c1e29283"
  integrity sha512-XmOWe7eyHYH14cLdVPoyg+GOH3rYX++KpzrylJwSW98t3Nk+U8XOl8FWKOgwtzdb8lXGf6zYwDUzeHMWfxasyg==

keyv@^4.5.2:
  version "4.5.2"
  resolved "https://registry.yarnpkg.com/keyv/-/keyv-4.5.2.tgz#0e310ce73bf7851ec702f2eaf46ec4e3805cce56"
  integrity sha512-5MHbFaKn8cNSmVW7BYnijeAVlE4cYA/SVkifVgrh7yotnfhKmjuXpDKjrABLnT0SfHWV21P8ow07OGfRrNDg8g==
  dependencies:
    json-buffer "3.0.1"

lodash@^4.17.14:
  version "4.17.21"
  resolved "https://registry.yarnpkg.com/lodash/-/lodash-4.17.21.tgz#679591c564c3bffaae8454cf0b3df370c3d6911c"
  integrity sha512-v2kDEe57lecTulaDIuNTPy3Ry4gLGJ6Z1O3vE1krgXZNrsQ+LFTGHVxVjcXPs17LhbZVGedAJv8XZ1tvj5FvSg==

lowercase-keys@^3.0.0:
  version "3.0.0"
  resolved "https://registry.yarnpkg.com/lowercase-keys/-/lowercase-keys-3.0.0.tgz#c5e7d442e37ead247ae9db117a9d0a467c89d4f2"
  integrity sha512-ozCC6gdQ+glXOQsveKD0YsDy8DSQFjDTz4zyzEHNV5+JP5D62LmfDZ6o1cycFx9ouG940M5dE8C8CTewdj2YWQ==

make-error@^1.1.1:
  version "1.3.6"
  resolved "https://registry.yarnpkg.com/make-error/-/make-error-1.3.6.tgz#2eb2e37ea9b67c4891f684a1394799af484cf7a2"
  integrity sha512-s8UhlNe7vPKomQhC1qFelMokr/Sc3AgNbso3n74mVPA5LTZwkB9NlXf4XPamLxJE8h0gh73rM94xvwRT2CVInw==

mime@^1.6.0:
  version "1.6.0"
  resolved "https://registry.yarnpkg.com/mime/-/mime-1.6.0.tgz#32cd9e5c64553bd58d19a568af452acff04981b1"
  integrity sha512-x0Vn8spI+wuJ1O6S7gnbaQg8Pxh4NNHb7KSINmEWKiPE4RKOplvijn+NkmYmmRgP68mc70j2EbeTFRsrswaQeg==

mimic-response@^3.1.0:
  version "3.1.0"
  resolved "https://registry.yarnpkg.com/mimic-response/-/mimic-response-3.1.0.tgz#2d1d59af9c1b129815accc2c46a022a5ce1fa3c9"
  integrity sha512-z0yWI+4FDrrweS8Zmt4Ej5HdJmky15+L2e6Wgn3+iK5fWzb6T3fhNFq2+MeTRb064c6Wr4N/wv0DzQTjNzHNGQ==

mimic-response@^4.0.0:
  version "4.0.0"
  resolved "https://registry.yarnpkg.com/mimic-response/-/mimic-response-4.0.0.tgz#35468b19e7c75d10f5165ea25e75a5ceea7cf70f"
  integrity sha512-e5ISH9xMYU0DzrT+jl8q2ze9D6eWBto+I8CNpe+VI+K2J/F/k3PdkdTdz4wvGVH4NTpo+NRYTVIuMQEMMcsLqg==

minimist@^1.2.6:
  version "1.2.8"
  resolved "https://registry.yarnpkg.com/minimist/-/minimist-1.2.8.tgz#c1a464e7693302e082a075cee0c057741ac4772c"
  integrity sha512-2yyAR8qBkN3YuheJanUpWC5U3bb5osDywNB8RzDVlDwDHbocAJveqqj1u8+SVD7jkWT4yvsHCpWqqWqAxb0zCA==

mkdirp@^0.5.6:
  version "0.5.6"
  resolved "https://registry.yarnpkg.com/mkdirp/-/mkdirp-0.5.6.tgz#7def03d2432dcae4ba1d611445c48396062255f6"
  integrity sha512-FP+p8RB8OWpF3YZBCrP5gtADmtXApB5AMLn+vdyA+PyxCjrCs00mjyUozssO33cwDeT3wNGdLxJ5M//YqtHAJw==
  dependencies:
    minimist "^1.2.6"

ms@^2.1.1:
  version "2.1.3"
  resolved "https://registry.yarnpkg.com/ms/-/ms-2.1.3.tgz#574c8138ce1d2b5861f0b44579dbadd60c6615b2"
  integrity sha512-6FlzubTLZG3J2a/NVCAleEhjzq5oxgHyaCU9yYXvcLsvoVaHJq/s5xXI6/XXP6tz7R9xAOtHnSO/tXtF3WRTlA==

nan@^2.14.0:
  version "2.17.0"
  resolved "https://registry.yarnpkg.com/nan/-/nan-2.17.0.tgz#c0150a2368a182f033e9aa5195ec76ea41a199cb"
  integrity sha512-2ZTgtl0nJsO0KQCjEpxcIr5D+Yv90plTitZt9JBfQvVJDS5seMl3FOvsh3+9CoYWXf/1l5OaZzzF6nDm4cagaQ==

nanoid@^3.3.6:
  version "3.3.6"
  resolved "https://registry.yarnpkg.com/nanoid/-/nanoid-3.3.6.tgz#443380c856d6e9f9824267d960b4236ad583ea4c"
  integrity sha512-BGcqMMJuToF7i1rt+2PWSNVnWIkGCU78jBG3RxO/bZlnZPK2Cmi2QaffxGO/2RvWi9sL+FAiRiXMgsyxQ1DIDA==

normalize-url@^8.0.0:
  version "8.0.0"
  resolved "https://registry.yarnpkg.com/normalize-url/-/normalize-url-8.0.0.tgz#593dbd284f743e8dcf6a5ddf8fadff149c82701a"
  integrity sha512-uVFpKhj5MheNBJRTiMZ9pE/7hD1QTeEvugSJW/OmLzAp78PB5O6adfMNTvmfKhXBkvCzC+rqifWcVYpGFwTjnw==

object-inspect@^1.9.0:
  version "1.12.3"
  resolved "https://registry.yarnpkg.com/object-inspect/-/object-inspect-1.12.3.tgz#ba62dffd67ee256c8c086dfae69e016cd1f198b9"
  integrity sha512-geUvdk7c+eizMNUDkRpW1wJwgfOiOeHbxBR/hLXK1aT6zmVSO0jsQcs7fj6MGw89jC/cjGfLcNOrtMYtGqm81g==

opener@^1.5.1:
  version "1.5.2"
  resolved "https://registry.yarnpkg.com/opener/-/opener-1.5.2.tgz#5d37e1f35077b9dcac4301372271afdeb2a13598"
  integrity sha512-ur5UIdyw5Y7yEj9wLzhqXiy6GZ3Mwx0yGI+5sMn2r0N0v3cKJvUmFH5yPP+WXh9e0xfyzyJX95D8l088DNFj7A==

p-cancelable@^3.0.0:
  version "3.0.0"
  resolved "https://registry.yarnpkg.com/p-cancelable/-/p-cancelable-3.0.0.tgz#63826694b54d61ca1c20ebcb6d3ecf5e14cd8050"
  integrity sha512-mlVgR3PGuzlo0MmTdk4cXqXWlwQDLnONTAg6sm62XkMJEiRxN3GL3SffkYvqwonbkJBcrI7Uvv5Zh9yjvn2iUw==

path-parse@^1.0.7:
  version "1.0.7"
  resolved "https://registry.yarnpkg.com/path-parse/-/path-parse-1.0.7.tgz#fbc114b60ca42b30d9daf5858e4bd68bbedb6735"
  integrity sha512-LDJzPVEEEPR+y48z93A0Ed0yXb8pAByGWo/k5YYdYgpY2/2EsOsksJrq7lOHxryrVOn1ejG6oAp8ahvOIQD8sw==

picocolors@^1.0.0:
  version "1.0.0"
  resolved "https://registry.yarnpkg.com/picocolors/-/picocolors-1.0.0.tgz#cb5bdc74ff3f51892236eaf79d68bc44564ab81c"
  integrity sha512-1fygroTLlHu66zi26VoTDv8yRgm0Fccecssto+MhsZ0D/DGW2sm8E8AjW7NU5VVTRt5GxbeZ5qBuJr+HyLYkjQ==

portfinder@^1.0.28:
  version "1.0.32"
  resolved "https://registry.yarnpkg.com/portfinder/-/portfinder-1.0.32.tgz#2fe1b9e58389712429dc2bea5beb2146146c7f81"
  integrity sha512-on2ZJVVDXRADWE6jnQaX0ioEylzgBpQk8r55NE4wjXW1ZxO+BgDlY6DXwj20i0V8eB4SenDQ00WEaxfiIQPcxg==
  dependencies:
    async "^2.6.4"
    debug "^3.2.7"
    mkdirp "^0.5.6"

postcss@^8.4.21:
  version "8.4.22"
  resolved "https://registry.yarnpkg.com/postcss/-/postcss-8.4.22.tgz#c29e6776b60ab3af602d4b513d5bd2ff9aa85dc1"
  integrity sha512-XseknLAfRHzVWjCEtdviapiBtfLdgyzExD50Rg2ePaucEesyh8Wv4VPdW0nbyDa1ydbrAxV19jvMT4+LFmcNUA==
  dependencies:
    nanoid "^3.3.6"
    picocolors "^1.0.0"
    source-map-js "^1.0.2"

qs@^6.4.0:
  version "6.11.1"
  resolved "https://registry.yarnpkg.com/qs/-/qs-6.11.1.tgz#6c29dff97f0c0060765911ba65cbc9764186109f"
  integrity sha512-0wsrzgTz/kAVIeuxSjnpGC56rzYtr6JT/2BwEvMaPhFIoYa1aGO8LbzuU1R0uUYQkLpWBTOj0l/CLAJB64J6nQ==
  dependencies:
    side-channel "^1.0.4"

quick-lru@^5.1.1:
  version "5.1.1"
  resolved "https://registry.yarnpkg.com/quick-lru/-/quick-lru-5.1.1.tgz#366493e6b3e42a3a6885e2e99d18f80fb7a8c932"
  integrity sha512-WuyALRjWPDGtt/wzJiadO5AXY+8hZ80hVpe6MyivgraREW751X3SbhRvG3eLKOYN+8VEvqLcf3wdnt44Z4S4SA==

requires-port@^1.0.0:
  version "1.0.0"
  resolved "https://registry.yarnpkg.com/requires-port/-/requires-port-1.0.0.tgz#925d2601d39ac485e091cf0da5c6e694dc3dcaff"
  integrity sha512-KigOCHcocU3XODJxsu8i/j8T9tzT4adHiecwORRQ0ZZFcp7ahwXuRU1m+yuO90C5ZUyGeGfocHDI14M3L3yDAQ==

resolve-alpn@^1.2.0:
  version "1.2.1"
  resolved "https://registry.yarnpkg.com/resolve-alpn/-/resolve-alpn-1.2.1.tgz#b7adbdac3546aaaec20b45e7d8265927072726f9"
  integrity sha512-0a1F4l73/ZFZOakJnQ3FvkJ2+gSTQWz/r2KE5OdDY0TxPm5h4GkqkWWfM47T7HsbnOtcJVEF4epCVy6u7Q3K+g==

resolve@^1.22.1:
  version "1.22.2"
  resolved "https://registry.yarnpkg.com/resolve/-/resolve-1.22.2.tgz#0ed0943d4e301867955766c9f3e1ae6d01c6845f"
  integrity sha512-Sb+mjNHOULsBv818T40qSPeRiuWLyaGMa5ewydRLFimneixmVy2zdivRl+AF6jaYPC8ERxGDmFSiqui6SfPd+g==
  dependencies:
    is-core-module "^2.11.0"
    path-parse "^1.0.7"
    supports-preserve-symlinks-flag "^1.0.0"

responselike@^3.0.0:
  version "3.0.0"
  resolved "https://registry.yarnpkg.com/responselike/-/responselike-3.0.0.tgz#20decb6c298aff0dbee1c355ca95461d42823626"
  integrity sha512-40yHxbNcl2+rzXvZuVkrYohathsSJlMTXKryG5y8uciHv1+xDLHQpgjG64JUO9nrEq2jGLH6IZ8BcZyw3wrweg==
  dependencies:
    lowercase-keys "^3.0.0"

rollup@^3.18.0:
  version "3.20.4"
  resolved "https://registry.yarnpkg.com/rollup/-/rollup-3.20.4.tgz#cde35731c5c0c637de0b532d5d1a84bd802c128e"
  integrity sha512-n7J4tuctZXUErM9Uc916httwqmTc63zzCr2+TLCiSCpfO/Xuk3g/marGN1IlRJZi+QF3XMYx75PxXRfZDVgaRw==
  optionalDependencies:
    fsevents "~2.3.2"

safe-buffer@5.1.2:
  version "5.1.2"
  resolved "https://registry.yarnpkg.com/safe-buffer/-/safe-buffer-5.1.2.tgz#991ec69d296e0313747d59bdfd2b745c35f8828d"
  integrity sha512-Gd2UZBJDkXlY7GbJxfsE8/nvKkUEU1G38c1siN6QP6a9PT9MmHB8GnpscSmMJSoF8LOIrt8ud/wPtojys4G6+g==

"safer-buffer@>= 2.1.2 < 3.0.0":
  version "2.1.2"
  resolved "https://registry.yarnpkg.com/safer-buffer/-/safer-buffer-2.1.2.tgz#44fa161b0187b9549dd84bb91802f9bd8385cd6a"
  integrity sha512-YZo3K82SD7Riyi0E1EQPojLz7kpepnSQI9IyPbHHg1XXXevb5dJI7tpyN2ADxGcQbHG7vcyRHk0cbwqcQriUtg==

secure-compare@3.0.1:
  version "3.0.1"
  resolved "https://registry.yarnpkg.com/secure-compare/-/secure-compare-3.0.1.tgz#f1a0329b308b221fae37b9974f3d578d0ca999e3"
  integrity sha512-AckIIV90rPDcBcglUwXPF3kg0P0qmPsPXAj6BBEENQE1p5yA1xfmDJzfi1Tappj37Pv2mVbKpL3Z1T+Nn7k1Qw==

segfault-handler@^1.3.0:
  version "1.3.0"
  resolved "https://registry.yarnpkg.com/segfault-handler/-/segfault-handler-1.3.0.tgz#054bc847832fa14f218ba6a79e42877501c8870e"
  integrity sha512-p7kVHo+4uoYkr0jmIiTBthwV5L2qmWtben/KDunDZ834mbos+tY+iO0//HpAJpOFSQZZ+wxKWuRo4DxV02B7Lg==
  dependencies:
    bindings "^1.2.1"
    nan "^2.14.0"

side-channel@^1.0.4:
  version "1.0.4"
  resolved "https://registry.yarnpkg.com/side-channel/-/side-channel-1.0.4.tgz#efce5c8fdc104ee751b25c58d4290011fa5ea2cf"
  integrity sha512-q5XPytqFEIKHkGdiMIrY10mvLRvnQh42/+GoBlFW3b2LXLE2xxJpZFdm94we0BaoV3RwJyGqg5wS7epxTv0Zvw==
  dependencies:
    call-bind "^1.0.0"
    get-intrinsic "^1.0.2"
    object-inspect "^1.9.0"

source-map-js@^1.0.2:
  version "1.0.2"
  resolved "https://registry.yarnpkg.com/source-map-js/-/source-map-js-1.0.2.tgz#adbc361d9c62df380125e7f161f71c826f1e490c"
  integrity sha512-R0XvVJ9WusLiqTCEiGCmICCMplcCkIwwR11mOSD9CR5u+IXYdiseeEuXCVAjS54zqwkLcPNnmU4OeJ6tUrWhDw==

strip-bom@^3.0.0:
  version "3.0.0"
  resolved "https://registry.yarnpkg.com/strip-bom/-/strip-bom-3.0.0.tgz#2334c18e9c759f7bdd56fdef7e9ae3d588e68ed3"
  integrity sha512-vavAMRXOgBVNF6nyEEmL3DBK19iRpDcoIwW+swQ+CbGiu7lju6t+JklA1MHweoWtadgt4ISVUsXLyDq34ddcwA==

supports-color@^7.1.0:
  version "7.2.0"
  resolved "https://registry.yarnpkg.com/supports-color/-/supports-color-7.2.0.tgz#1b7dcdcb32b8138801b3e478ba6a51caa89648da"
  integrity sha512-qpCAvRl9stuOHveKsn7HncJRvv501qIacKzQlO/+Lwxc9+0q2wLyv4Dfvt80/DPn2pqOBsJdDiogXGR9+OvwRw==
  dependencies:
    has-flag "^4.0.0"

supports-preserve-symlinks-flag@^1.0.0:
  version "1.0.0"
  resolved "https://registry.yarnpkg.com/supports-preserve-symlinks-flag/-/supports-preserve-symlinks-flag-1.0.0.tgz#6eda4bd344a3c94aea376d4cc31bc77311039e09"
  integrity sha512-ot0WnXS9fgdkgIcePe6RHNk1WA8+muPa6cSjeR3V8K27q9BB1rTE3R1p7Hv0z1ZyAc8s6Vvv8DIyWf681MAt0w==

ts-node@^10.9.1:
  version "10.9.1"
  resolved "https://registry.yarnpkg.com/ts-node/-/ts-node-10.9.1.tgz#e73de9102958af9e1f0b168a6ff320e25adcff4b"
  integrity sha512-NtVysVPkxxrwFGUUxGYhfux8k78pQB3JqYBXlLRZgdGUqTO5wU/UyHop5p70iEbGhB7q5KmiZiU0Y3KlJrScEw==
  dependencies:
    "@cspotcode/source-map-support" "^0.8.0"
    "@tsconfig/node10" "^1.0.7"
    "@tsconfig/node12" "^1.0.7"
    "@tsconfig/node14" "^1.0.0"
    "@tsconfig/node16" "^1.0.2"
    acorn "^8.4.1"
    acorn-walk "^8.1.1"
    arg "^4.1.0"
    create-require "^1.1.0"
    diff "^4.0.1"
    make-error "^1.1.1"
    v8-compile-cache-lib "^3.0.1"
    yn "3.1.1"

tsconfig-paths@^4.1.2, tsconfig-paths@^4.2.0:
  version "4.2.0"
  resolved "https://registry.yarnpkg.com/tsconfig-paths/-/tsconfig-paths-4.2.0.tgz#ef78e19039133446d244beac0fd6a1632e2d107c"
  integrity sha512-NoZ4roiN7LnbKn9QqE1amc9DJfzvZXxF4xDavcOWt1BPkdx+m+0gJuPM+S0vCe7zTJMYUP0R8pO2XMr+Y8oLIg==
  dependencies:
    json5 "^2.2.2"
    minimist "^1.2.6"
    strip-bom "^3.0.0"

typescript@^5.0.4:
  version "5.0.4"
  resolved "https://registry.yarnpkg.com/typescript/-/typescript-5.0.4.tgz#b217fd20119bd61a94d4011274e0ab369058da3b"
  integrity sha512-cW9T5W9xY37cc+jfEnaUvX91foxtHkza3Nw3wkoF4sSlKn0MONdkdEndig/qPBWXNkmplh3NzayQzCiHM4/hqw==

union@~0.5.0:
  version "0.5.0"
  resolved "https://registry.yarnpkg.com/union/-/union-0.5.0.tgz#b2c11be84f60538537b846edb9ba266ba0090075"
  integrity sha512-N6uOhuW6zO95P3Mel2I2zMsbsanvvtgn6jVqJv4vbVcz/JN0OkL9suomjQGmWtxJQXOCqUJvquc1sMeNz/IwlA==
  dependencies:
    qs "^6.4.0"

url-join@^4.0.1:
  version "4.0.1"
  resolved "https://registry.yarnpkg.com/url-join/-/url-join-4.0.1.tgz#b642e21a2646808ffa178c4c5fda39844e12cde7"
  integrity sha512-jk1+QP6ZJqyOiuEI9AEWQfju/nB2Pw466kbA0LEZljHwKeMgd9WrAEgEGxjPDD2+TNbbb37rTyhEfrCXfuKXnA==

v8-compile-cache-lib@^3.0.1:
  version "3.0.1"
  resolved "https://registry.yarnpkg.com/v8-compile-cache-lib/-/v8-compile-cache-lib-3.0.1.tgz#6336e8d71965cb3d35a1bbb7868445a7c05264bf"
  integrity sha512-wa7YjyUGfNZngI/vtK0UHAN+lgDCxBPCylVXGp0zu59Fz5aiGtNXaq3DhIov063MorB+VfufLh3JlF2KdTK3xg==

vite@^4.2.1:
  version "4.2.1"
  resolved "https://registry.yarnpkg.com/vite/-/vite-4.2.1.tgz#6c2eb337b0dfd80a9ded5922163b94949d7fc254"
  integrity sha512-7MKhqdy0ISo4wnvwtqZkjke6XN4taqQ2TBaTccLIpOKv7Vp2h4Y+NpmWCnGDeSvvn45KxvWgGyb0MkHvY1vgbg==
  dependencies:
    esbuild "^0.17.5"
    postcss "^8.4.21"
    resolve "^1.22.1"
    rollup "^3.18.0"
  optionalDependencies:
    fsevents "~2.3.2"

whatwg-encoding@^2.0.0:
  version "2.0.0"
  resolved "https://registry.yarnpkg.com/whatwg-encoding/-/whatwg-encoding-2.0.0.tgz#e7635f597fd87020858626805a2729fa7698ac53"
  integrity sha512-p41ogyeMUrw3jWclHWTQg1k05DSVXPLcVxRTYsXUk+ZooOCZLcoYgPZ/HL/D/N+uQPOtcp1me1WhBEaX02mhWg==
  dependencies:
    iconv-lite "0.6.3"

yn@3.1.1:
  version "3.1.1"
  resolved "https://registry.yarnpkg.com/yn/-/yn-3.1.1.tgz#1e87401a09d767c1d5eab26a6e4c185182d2eb50"
  integrity sha512-Ux4ygGWsu2c7isFWe8Yu1YluJmqVhxqK2cLXNQA5AcC3QfbGNpM7fu0Y8b/z16pXLnFxZYvWhd3fhBY9DLmC6Q==
